// !$*UTF8*$!
{
	archiveVersion = 1;
	classes = {
	};
	objectVersion = 46;
	objects = {

/* Begin PBXBuildFile section */
		253EA8DF1E7252DF00DBCE17 /* AppDelegate.swift in Sources */ = {isa = PBXBuildFile; fileRef = 253EA8DE1E7252DF00DBCE17 /* AppDelegate.swift */; };
		253EA8E11E7252DF00DBCE17 /* ViewController.swift in Sources */ = {isa = PBXBuildFile; fileRef = 253EA8E01E7252DF00DBCE17 /* ViewController.swift */; };
		253EA8E41E7252DF00DBCE17 /* Main.storyboard in Resources */ = {isa = PBXBuildFile; fileRef = 253EA8E21E7252DF00DBCE17 /* Main.storyboard */; };
		253EA8E61E7252DF00DBCE17 /* Assets.xcassets in Resources */ = {isa = PBXBuildFile; fileRef = 253EA8E51E7252DF00DBCE17 /* Assets.xcassets */; };
		253EA8E91E7252DF00DBCE17 /* LaunchScreen.storyboard in Resources */ = {isa = PBXBuildFile; fileRef = 253EA8E71E7252DF00DBCE17 /* LaunchScreen.storyboard */; };
		253EA8F31E72535300DBCE17 /* UserInfo.swift in Sources */ = {isa = PBXBuildFile; fileRef = 253EA8F21E72535300DBCE17 /* UserInfo.swift */; };
		253EA8F91E72E25E00DBCE17 /* PreferenceManager.swift in Sources */ = {isa = PBXBuildFile; fileRef = 253EA8F81E72E25E00DBCE17 /* PreferenceManager.swift */; };
/* End PBXBuildFile section */

/* Begin PBXFileReference section */
		253EA8DB1E7252DF00DBCE17 /* PreferenceManagerDemo.app */ = {isa = PBXFileReference; explicitFileType = wrapper.application; includeInIndex = 0; path = PreferenceManagerDemo.app; sourceTree = BUILT_PRODUCTS_DIR; };
		253EA8DE1E7252DF00DBCE17 /* AppDelegate.swift */ = {isa = PBXFileReference; lastKnownFileType = sourcecode.swift; path = AppDelegate.swift; sourceTree = "<group>"; };
		253EA8E01E7252DF00DBCE17 /* ViewController.swift */ = {isa = PBXFileReference; lastKnownFileType = sourcecode.swift; path = ViewController.swift; sourceTree = "<group>"; };
		253EA8E31E7252DF00DBCE17 /* Base */ = {isa = PBXFileReference; lastKnownFileType = file.storyboard; name = Base; path = Base.lproj/Main.storyboard; sourceTree = "<group>"; };
		253EA8E51E7252DF00DBCE17 /* Assets.xcassets */ = {isa = PBXFileReference; lastKnownFileType = folder.assetcatalog; path = Assets.xcassets; sourceTree = "<group>"; };
		253EA8E81E7252DF00DBCE17 /* Base */ = {isa = PBXFileReference; lastKnownFileType = file.storyboard; name = Base; path = Base.lproj/LaunchScreen.storyboard; sourceTree = "<group>"; };
		253EA8EA1E7252DF00DBCE17 /* Info.plist */ = {isa = PBXFileReference; lastKnownFileType = text.plist.xml; path = Info.plist; sourceTree = "<group>"; };
		253EA8F21E72535300DBCE17 /* UserInfo.swift */ = {isa = PBXFileReference; fileEncoding = 4; lastKnownFileType = sourcecode.swift; path = UserInfo.swift; sourceTree = "<group>"; };
		253EA8F81E72E25E00DBCE17 /* PreferenceManager.swift */ = {isa = PBXFileReference; fileEncoding = 4; lastKnownFileType = sourcecode.swift; path = PreferenceManager.swift; sourceTree = "<group>"; };
/* End PBXFileReference section */

/* Begin PBXFrameworksBuildPhase section */
		253EA8D81E7252DF00DBCE17 /* Frameworks */ = {
			isa = PBXFrameworksBuildPhase;
			buildActionMask = 2147483647;
			files = (
			);
			runOnlyForDeploymentPostprocessing = 0;
		};
/* End PBXFrameworksBuildPhase section */

/* Begin PBXGroup section */
		253EA8D21E7252DF00DBCE17 = {
			isa = PBXGroup;
			children = (
				253EA8DD1E7252DF00DBCE17 /* PreferenceManagerDemo */,
				253EA8DC1E7252DF00DBCE17 /* Products */,
			);
			sourceTree = "<group>";
		};
		253EA8DC1E7252DF00DBCE17 /* Products */ = {
			isa = PBXGroup;
			children = (
				253EA8DB1E7252DF00DBCE17 /* PreferenceManagerDemo.app */,
			);
			name = Products;
			sourceTree = "<group>";
		};
		253EA8DD1E7252DF00DBCE17 /* PreferenceManagerDemo */ = {
			isa = PBXGroup;
			children = (
				253EA8DE1E7252DF00DBCE17 /* AppDelegate.swift */,
				253EA8E01E7252DF00DBCE17 /* ViewController.swift */,
				253EA8F81E72E25E00DBCE17 /* PreferenceManager.swift */,
				253EA8F21E72535300DBCE17 /* UserInfo.swift */,
				253EA8E21E7252DF00DBCE17 /* Main.storyboard */,
				253EA8E51E7252DF00DBCE17 /* Assets.xcassets */,
				253EA8E71E7252DF00DBCE17 /* LaunchScreen.storyboard */,
				253EA8EA1E7252DF00DBCE17 /* Info.plist */,
			);
			path = PreferenceManagerDemo;
			sourceTree = "<group>";
		};
/* End PBXGroup section */

/* Begin PBXNativeTarget section */
		253EA8DA1E7252DF00DBCE17 /* PreferenceManagerDemo */ = {
			isa = PBXNativeTarget;
			buildConfigurationList = 253EA8ED1E7252DF00DBCE17 /* Build configuration list for PBXNativeTarget "PreferenceManagerDemo" */;
			buildPhases = (
				253EA8D71E7252DF00DBCE17 /* Sources */,
				253EA8D81E7252DF00DBCE17 /* Frameworks */,
				253EA8D91E7252DF00DBCE17 /* Resources */,
			);
			buildRules = (
			);
			dependencies = (
			);
			name = PreferenceManagerDemo;
			productName = PreferenceManagerDemo;
			productReference = 253EA8DB1E7252DF00DBCE17 /* PreferenceManagerDemo.app */;
			productType = "com.apple.product-type.application";
		};
/* End PBXNativeTarget section */

/* Begin PBXProject section */
		253EA8D31E7252DF00DBCE17 /* Project object */ = {
			isa = PBXProject;
			attributes = {
				LastSwiftUpdateCheck = 0820;
				LastUpgradeCheck = 0820;
				ORGANIZATIONNAME = "Lizhen Hu";
				TargetAttributes = {
					253EA8DA1E7252DF00DBCE17 = {
						CreatedOnToolsVersion = 8.2.1;
						DevelopmentTeam = 6S532ZPWTN;
						ProvisioningStyle = Automatic;
					};
				};
			};
			buildConfigurationList = 253EA8D61E7252DF00DBCE17 /* Build configuration list for PBXProject "PreferenceManagerDemo" */;
			compatibilityVersion = "Xcode 3.2";
			developmentRegion = English;
			hasScannedForEncodings = 0;
			knownRegions = (
				en,
				Base,
			);
			mainGroup = 253EA8D21E7252DF00DBCE17;
			productRefGroup = 253EA8DC1E7252DF00DBCE17 /* Products */;
			projectDirPath = "";
			projectRoot = "";
			targets = (
				253EA8DA1E7252DF00DBCE17 /* PreferenceManagerDemo */,
			);
		};
/* End PBXProject section */

/* Begin PBXResourcesBuildPhase section */
		253EA8D91E7252DF00DBCE17 /* Resources */ = {
			isa = PBXResourcesBuildPhase;
			buildActionMask = 2147483647;
			files = (
				253EA8E91E7252DF00DBCE17 /* LaunchScreen.storyboard in Resources */,
				253EA8E61E7252DF00DBCE17 /* Assets.xcassets in Resources */,
				253EA8E41E7252DF00DBCE17 /* Main.storyboard in Resources */,
			);
			runOnlyForDeploymentPostprocessing = 0;
		};
/* End PBXResourcesBuildPhase section */

/* Begin PBXSourcesBuildPhase section */
		253EA8D71E7252DF00DBCE17 /* Sources */ = {
			isa = PBXSourcesBuildPhase;
			buildActionMask = 2147483647;
			files = (
				253EA8F91E72E25E00DBCE17 /* PreferenceManager.swift in Sources */,
				253EA8F31E72535300DBCE17 /* UserInfo.swift in Sources */,
				253EA8E11E7252DF00DBCE17 /* ViewController.swift in Sources */,
				253EA8DF1E7252DF00DBCE17 /* AppDelegate.swift in Sources */,
			);
			runOnlyForDeploymentPostprocessing = 0;
		};
/* End PBXSourcesBuildPhase section */

/* Begin PBXVariantGroup section */
		253EA8E21E7252DF00DBCE17 /* Main.storyboard */ = {
			isa = PBXVariantGroup;
			children = (
				253EA8E31E7252DF00DBCE17 /* Base */,
			);
			name = Main.storyboard;
			sourceTree = "<group>";
		};
		253EA8E71E7252DF00DBCE17 /* LaunchScreen.storyboard */ = {
			isa = PBXVariantGroup;
			children = (
				253EA8E81E7252DF00DBCE17 /* Base */,
			);
			name = LaunchScreen.storyboard;
			sourceTree = "<group>";
		};
/* End PBXVariantGroup section */

/* Begin XCBuildConfiguration section */
		253EA8EB1E7252DF00DBCE17 /* Debug */ = {
			isa = XCBuildConfiguration;
			buildSettings = {
				ALWAYS_SEARCH_USER_PATHS = NO;
				CLANG_ANALYZER_NONNULL = YES;
				CLANG_CXX_LANGUAGE_STANDARD = "gnu++0x";
				CLANG_CXX_LIBRARY = "libc++";
				CLANG_ENABLE_MODULES = YES;
				CLANG_ENABLE_OBJC_ARC = YES;
				CLANG_WARN_BOOL_CONVERSION = YES;
				CLANG_WARN_CONSTANT_CONVERSION = YES;
				CLANG_WARN_DIRECT_OBJC_ISA_USAGE = YES_ERROR;
				CLANG_WARN_DOCUMENTATION_COMMENTS = YES;
				CLANG_WARN_EMPTY_BODY = YES;
				CLANG_WARN_ENUM_CONVERSION = YES;
				CLANG_WARN_INFINITE_RECURSION = YES;
				CLANG_WARN_INT_CONVERSION = YES;
				CLANG_WARN_OBJC_ROOT_CLASS = YES_ERROR;
				CLANG_WARN_SUSPICIOUS_MOVE = YES;
				CLANG_WARN_UNREACHABLE_CODE = YES;
				CLANG_WARN__DUPLICATE_METHOD_MATCH = YES;
				"CODE_SIGN_IDENTITY[sdk=iphoneos*]" = "iPhone Developer";
				COPY_PHASE_STRIP = NO;
				DEBUG_INFORMATION_FORMAT = dwarf;
				ENABLE_STRICT_OBJC_MSGSEND = YES;
				ENABLE_TESTABILITY = YES;
				GCC_C_LANGUAGE_STANDARD = gnu99;
				GCC_DYNAMIC_NO_PIC = NO;
				GCC_NO_COMMON_BLOCKS = YES;
				GCC_OPTIMIZATION_LEVEL = 0;
				GCC_PREPROCESSOR_DEFINITIONS = (
					"DEBUG=1",
					"$(inherited)",
				);
				GCC_WARN_64_TO_32_BIT_CONVERSION = YES;
				GCC_WARN_ABOUT_RETURN_TYPE = YES_ERROR;
				GCC_WARN_UNDECLARED_SELECTOR = YES;
				GCC_WARN_UNINITIALIZED_AUTOS = YES_AGGRESSIVE;
				GCC_WARN_UNUSED_FUNCTION = YES;
				GCC_WARN_UNUSED_VARIABLE = YES;
				IPHONEOS_DEPLOYMENT_TARGET = 10.0;
				MTL_ENABLE_DEBUG_INFO = YES;
				ONLY_ACTIVE_ARCH = YES;
				SDKROOT = iphoneos;
				SWIFT_ACTIVE_COMPILATION_CONDITIONS = DEBUG;
				SWIFT_OPTIMIZATION_LEVEL = "-Onone";
			};
			name = Debug;
		};
		253EA8EC1E7252DF00DBCE17 /* Release */ = {
			isa = XCBuildConfiguration;
			buildSettings = {
				ALWAYS_SEARCH_USER_PATHS = NO;
				CLANG_ANALYZER_NONNULL = YES;
				CLANG_CXX_LANGUAGE_STANDARD = "gnu++0x";
				CLANG_CXX_LIBRARY = "libc++";
				CLANG_ENABLE_MODULES = YES;
				CLANG_ENABLE_OBJC_ARC = YES;
				CLANG_WARN_BOOL_CONVERSION = YES;
				CLANG_WARN_CONSTANT_CONVERSION = YES;
				CLANG_WARN_DIRECT_OBJC_ISA_USAGE = YES_ERROR;
				CLANG_WARN_DOCUMENTATION_COMMENTS = YES;
				CLANG_WARN_EMPTY_BODY = YES;
				CLANG_WARN_ENUM_CONVERSION = YES;
				CLANG_WARN_INFINITE_RECURSION = YES;
				CLANG_WARN_INT_CONVERSION = YES;
				CLANG_WARN_OBJC_ROOT_CLASS = YES_ERROR;
				CLANG_WARN_SUSPICIOUS_MOVE = YES;
				CLANG_WARN_UNREACHABLE_CODE = YES;
				CLANG_WARN__DUPLICATE_METHOD_MATCH = YES;
				"CODE_SIGN_IDENTITY[sdk=iphoneos*]" = "iPhone Developer";
				COPY_PHASE_STRIP = NO;
				DEBUG_INFORMATION_FORMAT = "dwarf-with-dsym";
				ENABLE_NS_ASSERTIONS = NO;
				ENABLE_STRICT_OBJC_MSGSEND = YES;
				GCC_C_LANGUAGE_STANDARD = gnu99;
				GCC_NO_COMMON_BLOCKS = YES;
				GCC_WARN_64_TO_32_BIT_CONVERSION = YES;
				GCC_WARN_ABOUT_RETURN_TYPE = YES_ERROR;
				GCC_WARN_UNDECLARED_SELECTOR = YES;
				GCC_WARN_UNINITIALIZED_AUTOS = YES_AGGRESSIVE;
				GCC_WARN_UNUSED_FUNCTION = YES;
				GCC_WARN_UNUSED_VARIABLE = YES;
				IPHONEOS_DEPLOYMENT_TARGET = 10.0;
				MTL_ENABLE_DEBUG_INFO = NO;
				SDKROOT = iphoneos;
				SWIFT_OPTIMIZATION_LEVEL = "-Owholemodule";
				VALIDATE_PRODUCT = YES;
			};
			name = Release;
		};
		253EA8EE1E7252DF00DBCE17 /* Debug */ = {
			isa = XCBuildConfiguration;
			buildSettings = {
				ASSETCATALOG_COMPILER_APPICON_NAME = AppIcon;
				DEVELOPMENT_TEAM = 6S532ZPWTN;
				INFOPLIST_FILE = PreferenceManagerDemo/Info.plist;
				LD_RUNPATH_SEARCH_PATHS = "$(inherited) @executable_path/Frameworks";
				PRODUCT_BUNDLE_IDENTIFIER = com.hulizhen.PreferenceManagerDemo;
				PRODUCT_NAME = "$(TARGET_NAME)";
				SWIFT_VERSION = 3.0;
			};
			name = Debug;
		};
		253EA8EF1E7252DF00DBCE17 /* Release */ = {
			isa = XCBuildConfiguration;
			buildSettings = {
				ASSETCATALOG_COMPILER_APPICON_NAME = AppIcon;
				DEVELOPMENT_TEAM = 6S532ZPWTN;
				INFOPLIST_FILE = PreferenceManagerDemo/Info.plist;
				LD_RUNPATH_SEARCH_PATHS = "$(inherited) @executable_path/Frameworks";
				PRODUCT_BUNDLE_IDENTIFIER = com.hulizhen.PreferenceManagerDemo;
				PRODUCT_NAME = "$(TARGET_NAME)";
				SWIFT_VERSION = 3.0;
			};
			name = Release;
		};
/* End XCBuildConfiguration section */

/* Begin XCConfigurationList section */
		253EA8D61E7252DF00DBCE17 /* Build configuration list for PBXProject "PreferenceManagerDemo" */ = {
			isa = XCConfigurationList;
			buildConfigurations = (
				253EA8EB1E7252DF00DBCE17 /* Debug */,
				253EA8EC1E7252DF00DBCE17 /* Release */,
			);
			defaultConfigurationIsVisible = 0;
			defaultConfigurationName = Release;
		};
		253EA8ED1E7252DF00DBCE17 /* Build configuration list for PBXNativeTarget "PreferenceManagerDemo" */ = {
			isa = XCConfigurationList;
			buildConfigurations = (
				253EA8EE1E7252DF00DBCE17 /* Debug */,
				253EA8EF1E7252DF00DBCE17 /* Release */,
			);
			defaultConfigurationIsVisible = 0;
			defaultConfigurationName = Release;
		};
/* End XCConfigurationList section */
	};
	rootObject = 253EA8D31E7252DF00DBCE17 /* Project object */;
}
